
Microsoft Visual Studio Solution File, Format Version 12.00
# Visual Studio Version 16
VisualStudioVersion = 16.0.29613.14
MinimumVisualStudioVersion = 10.0.40219.1
Project("{FAE04EC0-301F-11D3-BF4B-00C04F79EFBC}") = "ch12-Wizard-Inventory", "ch12-Wizard-Inventory\ch12-Wizard-Inventory.csproj", "{9756FEF9-168E-4E5C-A8AE-9E34B013F108}"
EndProject
Global
	GlobalSection(SolutionConfigurationPlatforms) = preSolution
		Debug|Any CPU = Debug|Any CPU
		Release|Any CPU = Release|Any CPU
	EndGlobalSection
	GlobalSection(ProjectConfigurationPlatforms) = postSolution
		{9756FEF9-168E-4E5C-A8AE-9E34B013F108}.Debug|Any CPU.ActiveCfg = Debug|Any CPU
		{9756FEF9-168E-4E5C-A8AE-9E34B013F108}.Debug|Any CPU.Build.0 = Debug|Any CPU
		{9756FEF9-168E-4E5C-A8AE-9E34B013F108}.Release|Any CPU.ActiveCfg = Release|Any CPU
		{9756FEF9-168E-4E5C-A8AE-9E34B013F108}.Release|Any CPU.Build.0 = Release|Any CPU
	EndGlobalSection
	GlobalSection(SolutionProperties) = preSolution
		HideSolutionNode = FALSE
	EndGlobalSection
	GlobalSection(ExtensibilityGlobals) = postSolution
		SolutionGuid = {15B813B1-1364-4184-A162-5B115CC88B14}
	EndGlobalSection
EndGlobal
