
Microsoft Visual Studio Solution File, Format Version 12.00
# Visual Studio Version 16
VisualStudioVersion = 16.0.29613.14
MinimumVisualStudioVersion = 10.0.40219.1
Project("{FAE04EC0-301F-11D3-BF4B-00C04F79EFBC}") = "ch7-Classes", "ch7-Classes\ch7-Classes.csproj", "{9AD96BA8-9718-4F16-A1C4-572BE711FCFF}"
EndProject
Global
	GlobalSection(SolutionConfigurationPlatforms) = preSolution
		Debug|Any CPU = Debug|Any CPU
		Release|Any CPU = Release|Any CPU
	EndGlobalSection
	GlobalSection(ProjectConfigurationPlatforms) = postSolution
		{9AD96BA8-9718-4F16-A1C4-572BE711FCFF}.Debug|Any CPU.ActiveCfg = Debug|Any CPU
		{9AD96BA8-9718-4F16-A1C4-572BE711FCFF}.Debug|Any CPU.Build.0 = Debug|Any CPU
		{9AD96BA8-9718-4F16-A1C4-572BE711FCFF}.Release|Any CPU.ActiveCfg = Release|Any CPU
		{9AD96BA8-9718-4F16-A1C4-572BE711FCFF}.Release|Any CPU.Build.0 = Release|Any CPU
	EndGlobalSection
	GlobalSection(SolutionProperties) = preSolution
		HideSolutionNode = FALSE
	EndGlobalSection
	GlobalSection(ExtensibilityGlobals) = postSolution
		SolutionGuid = {D07E7DD3-C3E3-47A1-9A2F-E75DCE832DB2}
	EndGlobalSection
EndGlobal
