
Microsoft Visual Studio Solution File, Format Version 12.00
# Visual Studio Version 16
VisualStudioVersion = 16.0.29613.14
MinimumVisualStudioVersion = 10.0.40219.1
Project("{FAE04EC0-301F-11D3-BF4B-00C04F79EFBC}") = "CSharp_ch2_prjt_StudentRegistration", "CSharp_ch2_prjt_StudentRegistration\CSharp_ch2_prjt_StudentRegistration.csproj", "{5DB298DC-4FC0-4B3A-B53F-FA744D812338}"
EndProject
Global
	GlobalSection(SolutionConfigurationPlatforms) = preSolution
		Debug|Any CPU = Debug|Any CPU
		Release|Any CPU = Release|Any CPU
	EndGlobalSection
	GlobalSection(ProjectConfigurationPlatforms) = postSolution
		{5DB298DC-4FC0-4B3A-B53F-FA744D812338}.Debug|Any CPU.ActiveCfg = Debug|Any CPU
		{5DB298DC-4FC0-4B3A-B53F-FA744D812338}.Debug|Any CPU.Build.0 = Debug|Any CPU
		{5DB298DC-4FC0-4B3A-B53F-FA744D812338}.Release|Any CPU.ActiveCfg = Release|Any CPU
		{5DB298DC-4FC0-4B3A-B53F-FA744D812338}.Release|Any CPU.Build.0 = Release|Any CPU
	EndGlobalSection
	GlobalSection(SolutionProperties) = preSolution
		HideSolutionNode = FALSE
	EndGlobalSection
	GlobalSection(ExtensibilityGlobals) = postSolution
		SolutionGuid = {63E64BC3-4A1E-4CB5-9ECC-BC2934231B7C}
	EndGlobalSection
EndGlobal
